
Microsoft Visual Studio Solution File, Format Version 12.00
# Visual Studio Version 17
VisualStudioVersion = 17.14.36414.22 d17.14
MinimumVisualStudioVersion = 10.0.40219.1
Project("{FAE04EC0-301F-11D3-BF4B-00C04F79EFBC}") = "todo.api", "todo.api.csproj", "{46931038-444F-4856-93B6-8566E9BCFF30}"
EndProject
Global
	GlobalSection(SolutionConfigurationPlatforms) = preSolution
		Debug|Any CPU = Debug|Any CPU
		Release|Any CPU = Release|Any CPU
	EndGlobalSection
	GlobalSection(ProjectConfigurationPlatforms) = postSolution
		{46931038-444F-4856-93B6-8566E9BCFF30}.Debug|Any CPU.ActiveCfg = Debug|Any CPU
		{46931038-444F-4856-93B6-8566E9BCFF30}.Debug|Any CPU.Build.0 = Debug|Any CPU
		{46931038-444F-4856-93B6-8566E9BCFF30}.Release|Any CPU.ActiveCfg = Release|Any CPU
		{46931038-444F-4856-93B6-8566E9BCFF30}.Release|Any CPU.Build.0 = Release|Any CPU
	EndGlobalSection
	GlobalSection(SolutionProperties) = preSolution
		HideSolutionNode = FALSE
	EndGlobalSection
	GlobalSection(ExtensibilityGlobals) = postSolution
		SolutionGuid = {1F0371EF-7AD4-425F-B301-F98297C9E6EB}
	EndGlobalSection
EndGlobal
